
Microsoft Visual Studio Solution File, Format Version 12.00
# Visual Studio 15
VisualStudioVersion = 15.0.28306.52
MinimumVisualStudioVersion = 10.0.40219.1
Project("{9A19103F-16F7-4668-BE54-9A1E7A4F7556}") = "RedisUsage.RedisServices", "RedisUsage.RedisServices\RedisUsage.RedisServices.csproj", "{4A4B51CF-FC31-4C04-9B11-312E0A26ABF9}"
EndProject
Project("{2150E333-8FDC-42A3-9474-1A3956D46DE8}") = "_CommandsEvents", "_CommandsEvents", "{808FF862-CDE7-4BA9-A5FA-A3C7BAD355F1}"
EndProject
Project("{2150E333-8FDC-42A3-9474-1A3956D46DE8}") = "MessageBuss", "MessageBuss", "{4C535D86-6ED3-4536-AB04-D325EA85D249}"
EndProject
Project("{2150E333-8FDC-42A3-9474-1A3956D46DE8}") = "UnitTest", "UnitTest", "{0D7C6251-6218-492F-81BF-FCCDE443E701}"
EndProject
Project("{2150E333-8FDC-42A3-9474-1A3956D46DE8}") = "Cqrs", "Cqrs", "{4BA48892-D62C-476A-8098-DAB09EE4192F}"
EndProject
Project("{FAE04EC0-301F-11D3-BF4B-00C04F79EFBC}") = "RedisUsage.CqrsCore", "RedisUsage.CqrsCore\RedisUsage.CqrsCore.csproj", "{1A88DFBB-4718-4A55-8F73-8DF01348E22E}"
EndProject
Project("{2150E333-8FDC-42A3-9474-1A3956D46DE8}") = "_ProjectDb", "_ProjectDb", "{BD46664D-029E-4423-8CEB-E8324B37579C}"
EndProject
Project("{2150E333-8FDC-42A3-9474-1A3956D46DE8}") = "_DomainBusiness", "_DomainBusiness", "{7AEF947A-77B3-482E-ABC9-EF78829EA6F3}"
EndProject
Project("{2150E333-8FDC-42A3-9474-1A3956D46DE8}") = "_ClientUi", "_ClientUi", "{16708B8C-B102-4ADD-B15C-3738A81FFB33}"
EndProject
Project("{2150E333-8FDC-42A3-9474-1A3956D46DE8}") = "_ProjectApis", "_ProjectApis", "{D72AF019-AB32-4144-8B64-8827EFAC8755}"
EndProject
Global
	GlobalSection(SolutionConfigurationPlatforms) = preSolution
		Debug|Any CPU = Debug|Any CPU
		Release|Any CPU = Release|Any CPU
	EndGlobalSection
	GlobalSection(ProjectConfigurationPlatforms) = postSolution
		{4A4B51CF-FC31-4C04-9B11-312E0A26ABF9}.Debug|Any CPU.ActiveCfg = Debug|Any CPU
		{4A4B51CF-FC31-4C04-9B11-312E0A26ABF9}.Debug|Any CPU.Build.0 = Debug|Any CPU
		{4A4B51CF-FC31-4C04-9B11-312E0A26ABF9}.Release|Any CPU.ActiveCfg = Release|Any CPU
		{4A4B51CF-FC31-4C04-9B11-312E0A26ABF9}.Release|Any CPU.Build.0 = Release|Any CPU
		{1A88DFBB-4718-4A55-8F73-8DF01348E22E}.Debug|Any CPU.ActiveCfg = Debug|Any CPU
		{1A88DFBB-4718-4A55-8F73-8DF01348E22E}.Debug|Any CPU.Build.0 = Debug|Any CPU
		{1A88DFBB-4718-4A55-8F73-8DF01348E22E}.Release|Any CPU.ActiveCfg = Release|Any CPU
		{1A88DFBB-4718-4A55-8F73-8DF01348E22E}.Release|Any CPU.Build.0 = Release|Any CPU
	EndGlobalSection
	GlobalSection(SolutionProperties) = preSolution
		HideSolutionNode = FALSE
	EndGlobalSection
	GlobalSection(NestedProjects) = preSolution
		{4A4B51CF-FC31-4C04-9B11-312E0A26ABF9} = {4C535D86-6ED3-4536-AB04-D325EA85D249}
		{1A88DFBB-4718-4A55-8F73-8DF01348E22E} = {4BA48892-D62C-476A-8098-DAB09EE4192F}
	EndGlobalSection
	GlobalSection(ExtensibilityGlobals) = postSolution
		SolutionGuid = {CBCE5463-55CD-4EBB-90E8-F4AEC75FFD7E}
	EndGlobalSection
EndGlobal
